// !$*UTF8*$!
{
	archiveVersion = 1;
	classes = {
	};
	objectVersion = 46;
	objects = {

/* Begin PBXBuildFile section */
		17B7E90518E9EB090029F75E /* Foundation.framework in Frameworks */ = {isa = PBXBuildFile; fileRef = 17B7E90418E9EB090029F75E /* Foundation.framework */; };
		17B7E90718E9EB090029F75E /* CoreGraphics.framework in Frameworks */ = {isa = PBXBuildFile; fileRef = 17B7E90618E9EB090029F75E /* CoreGraphics.framework */; };
		17B7E90918E9EB090029F75E /* UIKit.framework in Frameworks */ = {isa = PBXBuildFile; fileRef = 17B7E90818E9EB090029F75E /* UIKit.framework */; };
		17B7E90F18E9EB090029F75E /* InfoPlist.strings in Resources */ = {isa = PBXBuildFile; fileRef = 17B7E90D18E9EB090029F75E /* InfoPlist.strings */; };
		17B7E91118E9EB090029F75E /* main.m in Sources */ = {isa = PBXBuildFile; fileRef = 17B7E91018E9EB090029F75E /* main.m */; };
		17B7E91518E9EB090029F75E /* SSQAppDelegate.m in Sources */ = {isa = PBXBuildFile; fileRef = 17B7E91418E9EB090029F75E /* SSQAppDelegate.m */; };
		17B7E91718E9EB090029F75E /* Images.xcassets in Resources */ = {isa = PBXBuildFile; fileRef = 17B7E91618E9EB090029F75E /* Images.xcassets */; };
		17B7E91E18E9EB0A0029F75E /* XCTest.framework in Frameworks */ = {isa = PBXBuildFile; fileRef = 17B7E91D18E9EB0A0029F75E /* XCTest.framework */; };
		17B7E91F18E9EB0A0029F75E /* Foundation.framework in Frameworks */ = {isa = PBXBuildFile; fileRef = 17B7E90418E9EB090029F75E /* Foundation.framework */; };
		17B7E92018E9EB0A0029F75E /* UIKit.framework in Frameworks */ = {isa = PBXBuildFile; fileRef = 17B7E90818E9EB090029F75E /* UIKit.framework */; };
		17B7E92818E9EB0A0029F75E /* InfoPlist.strings in Resources */ = {isa = PBXBuildFile; fileRef = 17B7E92618E9EB0A0029F75E /* InfoPlist.strings */; };
		17B7E92A18E9EB0A0029F75E /* Secret_SquirrelTests.m in Sources */ = {isa = PBXBuildFile; fileRef = 17B7E92918E9EB0A0029F75E /* Secret_SquirrelTests.m */; };
/* End PBXBuildFile section */

/* Begin PBXContainerItemProxy section */
		17B7E92118E9EB0A0029F75E /* PBXContainerItemProxy */ = {
			isa = PBXContainerItemProxy;
			containerPortal = 17B7E8F918E9EB090029F75E /* Project object */;
			proxyType = 1;
			remoteGlobalIDString = 17B7E90018E9EB090029F75E;
			remoteInfo = "Secret Squirrel";
		};
/* End PBXContainerItemProxy section */

/* Begin PBXFileReference section */
		17B7E90118E9EB090029F75E /* Secret Squirrel.app */ = {isa = PBXFileReference; explicitFileType = wrapper.application; includeInIndex = 0; path = "Secret Squirrel.app"; sourceTree = BUILT_PRODUCTS_DIR; };
		17B7E90418E9EB090029F75E /* Foundation.framework */ = {isa = PBXFileReference; lastKnownFileType = wrapper.framework; name = Foundation.framework; path = System/Library/Frameworks/Foundation.framework; sourceTree = SDKROOT; };
		17B7E90618E9EB090029F75E /* CoreGraphics.framework */ = {isa = PBXFileReference; lastKnownFileType = wrapper.framework; name = CoreGraphics.framework; path = System/Library/Frameworks/CoreGraphics.framework; sourceTree = SDKROOT; };
		17B7E90818E9EB090029F75E /* UIKit.framework */ = {isa = PBXFileReference; lastKnownFileType = wrapper.framework; name = UIKit.framework; path = System/Library/Frameworks/UIKit.framework; sourceTree = SDKROOT; };
		17B7E90C18E9EB090029F75E /* Secret Squirrel-Info.plist */ = {isa = PBXFileReference; lastKnownFileType = text.plist.xml; path = "Secret Squirrel-Info.plist"; sourceTree = "<group>"; };
		17B7E90E18E9EB090029F75E /* en */ = {isa = PBXFileReference; lastKnownFileType = text.plist.strings; name = en; path = en.lproj/InfoPlist.strings; sourceTree = "<group>"; };
		17B7E91018E9EB090029F75E /* main.m */ = {isa = PBXFileReference; lastKnownFileType = sourcecode.c.objc; path = main.m; sourceTree = "<group>"; };
		17B7E91218E9EB090029F75E /* Secret Squirrel-Prefix.pch */ = {isa = PBXFileReference; lastKnownFileType = sourcecode.c.h; path = "Secret Squirrel-Prefix.pch"; sourceTree = "<group>"; };
		17B7E91318E9EB090029F75E /* SSQAppDelegate.h */ = {isa = PBXFileReference; lastKnownFileType = sourcecode.c.h; path = SSQAppDelegate.h; sourceTree = "<group>"; };
		17B7E91418E9EB090029F75E /* SSQAppDelegate.m */ = {isa = PBXFileReference; lastKnownFileType = sourcecode.c.objc; path = SSQAppDelegate.m; sourceTree = "<group>"; };
		17B7E91618E9EB090029F75E /* Images.xcassets */ = {isa = PBXFileReference; lastKnownFileType = folder.assetcatalog; path = Images.xcassets; sourceTree = "<group>"; };
		17B7E91C18E9EB0A0029F75E /* Secret SquirrelTests.xctest */ = {isa = PBXFileReference; explicitFileType = wrapper.cfbundle; includeInIndex = 0; path = "Secret SquirrelTests.xctest"; sourceTree = BUILT_PRODUCTS_DIR; };
		17B7E91D18E9EB0A0029F75E /* XCTest.framework */ = {isa = PBXFileReference; lastKnownFileType = wrapper.framework; name = XCTest.framework; path = Library/Frameworks/XCTest.framework; sourceTree = DEVELOPER_DIR; };
		17B7E92518E9EB0A0029F75E /* Secret SquirrelTests-Info.plist */ = {isa = PBXFileReference; lastKnownFileType = text.plist.xml; path = "Secret SquirrelTests-Info.plist"; sourceTree = "<group>"; };
		17B7E92718E9EB0A0029F75E /* en */ = {isa = PBXFileReference; lastKnownFileType = text.plist.strings; name = en; path = en.lproj/InfoPlist.strings; sourceTree = "<group>"; };
		17B7E92918E9EB0A0029F75E /* Secret_SquirrelTests.m */ = {isa = PBXFileReference; lastKnownFileType = sourcecode.c.objc; path = Secret_SquirrelTests.m; sourceTree = "<group>"; };
/* End PBXFileReference section */

/* Begin PBXFrameworksBuildPhase section */
		17B7E8FE18E9EB090029F75E /* Frameworks */ = {
			isa = PBXFrameworksBuildPhase;
			buildActionMask = 2147483647;
			files = (
				17B7E90718E9EB090029F75E /* CoreGraphics.framework in Frameworks */,
				17B7E90918E9EB090029F75E /* UIKit.framework in Frameworks */,
				17B7E90518E9EB090029F75E /* Foundation.framework in Frameworks */,
			);
			runOnlyForDeploymentPostprocessing = 0;
		};
		17B7E91918E9EB0A0029F75E /* Frameworks */ = {
			isa = PBXFrameworksBuildPhase;
			buildActionMask = 2147483647;
			files = (
				17B7E91E18E9EB0A0029F75E /* XCTest.framework in Frameworks */,
				17B7E92018E9EB0A0029F75E /* UIKit.framework in Frameworks */,
				17B7E91F18E9EB0A0029F75E /* Foundation.framework in Frameworks */,
			);
			runOnlyForDeploymentPostprocessing = 0;
		};
/* End PBXFrameworksBuildPhase section */

/* Begin PBXGroup section */
		17B7E8F818E9EB090029F75E = {
			isa = PBXGroup;
			children = (
				17B7E90A18E9EB090029F75E /* Secret Squirrel */,
				17B7E92318E9EB0A0029F75E /* Secret SquirrelTests */,
				17B7E90318E9EB090029F75E /* Frameworks */,
				17B7E90218E9EB090029F75E /* Products */,
			);
			sourceTree = "<group>";
		};
		17B7E90218E9EB090029F75E /* Products */ = {
			isa = PBXGroup;
			children = (
				17B7E90118E9EB090029F75E /* Secret Squirrel.app */,
				17B7E91C18E9EB0A0029F75E /* Secret SquirrelTests.xctest */,
			);
			name = Products;
			sourceTree = "<group>";
		};
		17B7E90318E9EB090029F75E /* Frameworks */ = {
			isa = PBXGroup;
			children = (
				17B7E90418E9EB090029F75E /* Foundation.framework */,
				17B7E90618E9EB090029F75E /* CoreGraphics.framework */,
				17B7E90818E9EB090029F75E /* UIKit.framework */,
				17B7E91D18E9EB0A0029F75E /* XCTest.framework */,
			);
			name = Frameworks;
			sourceTree = "<group>";
		};
		17B7E90A18E9EB090029F75E /* Secret Squirrel */ = {
			isa = PBXGroup;
			children = (
				17B7E91318E9EB090029F75E /* SSQAppDelegate.h */,
				17B7E91418E9EB090029F75E /* SSQAppDelegate.m */,
				17B7E91618E9EB090029F75E /* Images.xcassets */,
				17B7E90B18E9EB090029F75E /* Supporting Files */,
			);
			path = "Secret Squirrel";
			sourceTree = "<group>";
		};
		17B7E90B18E9EB090029F75E /* Supporting Files */ = {
			isa = PBXGroup;
			children = (
				17B7E90C18E9EB090029F75E /* Secret Squirrel-Info.plist */,
				17B7E90D18E9EB090029F75E /* InfoPlist.strings */,
				17B7E91018E9EB090029F75E /* main.m */,
				17B7E91218E9EB090029F75E /* Secret Squirrel-Prefix.pch */,
			);
			name = "Supporting Files";
			sourceTree = "<group>";
		};
		17B7E92318E9EB0A0029F75E /* Secret SquirrelTests */ = {
			isa = PBXGroup;
			children = (
				17B7E92918E9EB0A0029F75E /* Secret_SquirrelTests.m */,
				17B7E92418E9EB0A0029F75E /* Supporting Files */,
			);
			path = "Secret SquirrelTests";
			sourceTree = "<group>";
		};
		17B7E92418E9EB0A0029F75E /* Supporting Files */ = {
			isa = PBXGroup;
			children = (
				17B7E92518E9EB0A0029F75E /* Secret SquirrelTests-Info.plist */,
				17B7E92618E9EB0A0029F75E /* InfoPlist.strings */,
			);
			name = "Supporting Files";
			sourceTree = "<group>";
		};
/* End PBXGroup section */

/* Begin PBXNativeTarget section */
		17B7E90018E9EB090029F75E /* Secret Squirrel */ = {
			isa = PBXNativeTarget;
			buildConfigurationList = 17B7E92D18E9EB0A0029F75E /* Build configuration list for PBXNativeTarget "Secret Squirrel" */;
			buildPhases = (
				17B7E8FD18E9EB090029F75E /* Sources */,
				17B7E8FE18E9EB090029F75E /* Frameworks */,
				17B7E8FF18E9EB090029F75E /* Resources */,
			);
			buildRules = (
			);
			dependencies = (
			);
			name = "Secret Squirrel";
			productName = "Secret Squirrel";
			productReference = 17B7E90118E9EB090029F75E /* Secret Squirrel.app */;
			productType = "com.apple.product-type.application";
		};
		17B7E91B18E9EB0A0029F75E /* Secret SquirrelTests */ = {
			isa = PBXNativeTarget;
			buildConfigurationList = 17B7E93018E9EB0A0029F75E /* Build configuration list for PBXNativeTarget "Secret SquirrelTests" */;
			buildPhases = (
				17B7E91818E9EB0A0029F75E /* Sources */,
				17B7E91918E9EB0A0029F75E /* Frameworks */,
				17B7E91A18E9EB0A0029F75E /* Resources */,
			);
			buildRules = (
			);
			dependencies = (
				17B7E92218E9EB0A0029F75E /* PBXTargetDependency */,
			);
			name = "Secret SquirrelTests";
			productName = "Secret SquirrelTests";
			productReference = 17B7E91C18E9EB0A0029F75E /* Secret SquirrelTests.xctest */;
			productType = "com.apple.product-type.bundle.unit-test";
		};
/* End PBXNativeTarget section */

/* Begin PBXProject section */
		17B7E8F918E9EB090029F75E /* Project object */ = {
			isa = PBXProject;
			attributes = {
				CLASSPREFIX = SSQ;
				LastUpgradeCheck = 0510;
				ORGANIZATIONNAME = "The Working Group";
				TargetAttributes = {
					17B7E91B18E9EB0A0029F75E = {
						TestTargetID = 17B7E90018E9EB090029F75E;
					};
				};
			};
			buildConfigurationList = 17B7E8FC18E9EB090029F75E /* Build configuration list for PBXProject "Secret Squirrel" */;
			compatibilityVersion = "Xcode 3.2";
			developmentRegion = English;
			hasScannedForEncodings = 0;
			knownRegions = (
				en,
			);
			mainGroup = 17B7E8F818E9EB090029F75E;
			productRefGroup = 17B7E90218E9EB090029F75E /* Products */;
			projectDirPath = "";
			projectRoot = "";
			targets = (
				17B7E90018E9EB090029F75E /* Secret Squirrel */,
				17B7E91B18E9EB0A0029F75E /* Secret SquirrelTests */,
			);
		};
/* End PBXProject section */

/* Begin PBXResourcesBuildPhase section */
		17B7E8FF18E9EB090029F75E /* Resources */ = {
			isa = PBXResourcesBuildPhase;
			buildActionMask = 2147483647;
			files = (
				17B7E90F18E9EB090029F75E /* InfoPlist.strings in Resources */,
				17B7E91718E9EB090029F75E /* Images.xcassets in Resources */,
			);
			runOnlyForDeploymentPostprocessing = 0;
		};
		17B7E91A18E9EB0A0029F75E /* Resources */ = {
			isa = PBXResourcesBuildPhase;
			buildActionMask = 2147483647;
			files = (
				17B7E92818E9EB0A0029F75E /* InfoPlist.strings in Resources */,
			);
			runOnlyForDeploymentPostprocessing = 0;
		};
/* End PBXResourcesBuildPhase section */

/* Begin PBXSourcesBuildPhase section */
		17B7E8FD18E9EB090029F75E /* Sources */ = {
			isa = PBXSourcesBuildPhase;
			buildActionMask = 2147483647;
			files = (
				17B7E91518E9EB090029F75E /* SSQAppDelegate.m in Sources */,
				17B7E91118E9EB090029F75E /* main.m in Sources */,
			);
			runOnlyForDeploymentPostprocessing = 0;
		};
		17B7E91818E9EB0A0029F75E /* Sources */ = {
			isa = PBXSourcesBuildPhase;
			buildActionMask = 2147483647;
			files = (
				17B7E92A18E9EB0A0029F75E /* Secret_SquirrelTests.m in Sources */,
			);
			runOnlyForDeploymentPostprocessing = 0;
		};
/* End PBXSourcesBuildPhase section */

/* Begin PBXTargetDependency section */
		17B7E92218E9EB0A0029F75E /* PBXTargetDependency */ = {
			isa = PBXTargetDependency;
			target = 17B7E90018E9EB090029F75E /* Secret Squirrel */;
			targetProxy = 17B7E92118E9EB0A0029F75E /* PBXContainerItemProxy */;
		};
/* End PBXTargetDependency section */

/* Begin PBXVariantGroup section */
		17B7E90D18E9EB090029F75E /* InfoPlist.strings */ = {
			isa = PBXVariantGroup;
			children = (
				17B7E90E18E9EB090029F75E /* en */,
			);
			name = InfoPlist.strings;
			sourceTree = "<group>";
		};
		17B7E92618E9EB0A0029F75E /* InfoPlist.strings */ = {
			isa = PBXVariantGroup;
			children = (
				17B7E92718E9EB0A0029F75E /* en */,
			);
			name = InfoPlist.strings;
			sourceTree = "<group>";
		};
/* End PBXVariantGroup section */

/* Begin XCBuildConfiguration section */
		17B7E92B18E9EB0A0029F75E /* Debug */ = {
			isa = XCBuildConfiguration;
			buildSettings = {
				ALWAYS_SEARCH_USER_PATHS = NO;
				CLANG_CXX_LANGUAGE_STANDARD = "gnu++0x";
				CLANG_CXX_LIBRARY = "libc++";
				CLANG_ENABLE_MODULES = YES;
				CLANG_ENABLE_OBJC_ARC = YES;
				CLANG_WARN_BOOL_CONVERSION = YES;
				CLANG_WARN_CONSTANT_CONVERSION = YES;
				CLANG_WARN_DIRECT_OBJC_ISA_USAGE = YES_ERROR;
				CLANG_WARN_EMPTY_BODY = YES;
				CLANG_WARN_ENUM_CONVERSION = YES;
				CLANG_WARN_INT_CONVERSION = YES;
				CLANG_WARN_OBJC_ROOT_CLASS = YES_ERROR;
				CLANG_WARN__DUPLICATE_METHOD_MATCH = YES;
				"CODE_SIGN_IDENTITY[sdk=iphoneos*]" = "iPhone Developer";
				COPY_PHASE_STRIP = NO;
				GCC_C_LANGUAGE_STANDARD = gnu99;
				GCC_DYNAMIC_NO_PIC = NO;
				GCC_OPTIMIZATION_LEVEL = 0;
				GCC_PREPROCESSOR_DEFINITIONS = (
					"DEBUG=1",
					"$(inherited)",
				);
				GCC_SYMBOLS_PRIVATE_EXTERN = NO;
				GCC_WARN_64_TO_32_BIT_CONVERSION = YES;
				GCC_WARN_ABOUT_RETURN_TYPE = YES_ERROR;
				GCC_WARN_UNDECLARED_SELECTOR = YES;
				GCC_WARN_UNINITIALIZED_AUTOS = YES_AGGRESSIVE;
				GCC_WARN_UNUSED_FUNCTION = YES;
				GCC_WARN_UNUSED_VARIABLE = YES;
				IPHONEOS_DEPLOYMENT_TARGET = 7.1;
				ONLY_ACTIVE_ARCH = YES;
				SDKROOT = iphoneos;
			};
			name = Debug;
		};
		17B7E92C18E9EB0A0029F75E /* Release */ = {
			isa = XCBuildConfiguration;
			buildSettings = {
				ALWAYS_SEARCH_USER_PATHS = NO;
				CLANG_CXX_LANGUAGE_STANDARD = "gnu++0x";
				CLANG_CXX_LIBRARY = "libc++";
				CLANG_ENABLE_MODULES = YES;
				CLANG_ENABLE_OBJC_ARC = YES;
				CLANG_WARN_BOOL_CONVERSION = YES;
				CLANG_WARN_CONSTANT_CONVERSION = YES;
				CLANG_WARN_DIRECT_OBJC_ISA_USAGE = YES_ERROR;
				CLANG_WARN_EMPTY_BODY = YES;
				CLANG_WARN_ENUM_CONVERSION = YES;
				CLANG_WARN_INT_CONVERSION = YES;
				CLANG_WARN_OBJC_ROOT_CLASS = YES_ERROR;
				CLANG_WARN__DUPLICATE_METHOD_MATCH = YES;
				"CODE_SIGN_IDENTITY[sdk=iphoneos*]" = "iPhone Developer";
				COPY_PHASE_STRIP = YES;
				ENABLE_NS_ASSERTIONS = NO;
				GCC_C_LANGUAGE_STANDARD = gnu99;
				GCC_WARN_64_TO_32_BIT_CONVERSION = YES;
				GCC_WARN_ABOUT_RETURN_TYPE = YES_ERROR;
				GCC_WARN_UNDECLARED_SELECTOR = YES;
				GCC_WARN_UNINITIALIZED_AUTOS = YES_AGGRESSIVE;
				GCC_WARN_UNUSED_FUNCTION = YES;
				GCC_WARN_UNUSED_VARIABLE = YES;
				IPHONEOS_DEPLOYMENT_TARGET = 7.1;
				SDKROOT = iphoneos;
				VALIDATE_PRODUCT = YES;
			};
			name = Release;
		};
		17B7E92E18E9EB0A0029F75E /* Debug */ = {
			isa = XCBuildConfiguration;
			buildSettings = {
				ASSETCATALOG_COMPILER_APPICON_NAME = AppIcon;
				ASSETCATALOG_COMPILER_LAUNCHIMAGE_NAME = LaunchImage;
				GCC_PRECOMPILE_PREFIX_HEADER = YES;
				GCC_PREFIX_HEADER = "Secret Squirrel/Secret Squirrel-Prefix.pch";
				INFOPLIST_FILE = "Secret Squirrel/Secret Squirrel-Info.plist";
				PRODUCT_NAME = "$(TARGET_NAME)";
				WRAPPER_EXTENSION = app;
			};
			name = Debug;
		};
		17B7E92F18E9EB0A0029F75E /* Release */ = {
			isa = XCBuildConfiguration;
			buildSettings = {
				ASSETCATALOG_COMPILER_APPICON_NAME = AppIcon;
				ASSETCATALOG_COMPILER_LAUNCHIMAGE_NAME = LaunchImage;
				GCC_PRECOMPILE_PREFIX_HEADER = YES;
				GCC_PREFIX_HEADER = "Secret Squirrel/Secret Squirrel-Prefix.pch";
				INFOPLIST_FILE = "Secret Squirrel/Secret Squirrel-Info.plist";
				PRODUCT_NAME = "$(TARGET_NAME)";
				WRAPPER_EXTENSION = app;
			};
			name = Release;
		};
		17B7E93118E9EB0A0029F75E /* Debug */ = {
			isa = XCBuildConfiguration;
			buildSettings = {
				BUNDLE_LOADER = "$(BUILT_PRODUCTS_DIR)/Secret Squirrel.app/Secret Squirrel";
				FRAMEWORK_SEARCH_PATHS = (
					"$(SDKROOT)/Developer/Library/Frameworks",
					"$(inherited)",
					"$(DEVELOPER_FRAMEWORKS_DIR)",
				);
				GCC_PRECOMPILE_PREFIX_HEADER = YES;
				GCC_PREFIX_HEADER = "Secret Squirrel/Secret Squirrel-Prefix.pch";
				GCC_PREPROCESSOR_DEFINITIONS = (
					"DEBUG=1",
					"$(inherited)",
				);
				INFOPLIST_FILE = "Secret SquirrelTests/Secret SquirrelTests-Info.plist";
				PRODUCT_NAME = "$(TARGET_NAME)";
				TEST_HOST = "$(BUNDLE_LOADER)";
				WRAPPER_EXTENSION = xctest;
			};
			name = Debug;
		};
		17B7E93218E9EB0A0029F75E /* Release */ = {
			isa = XCBuildConfiguration;
			buildSettings = {
				BUNDLE_LOADER = "$(BUILT_PRODUCTS_DIR)/Secret Squirrel.app/Secret Squirrel";
				FRAMEWORK_SEARCH_PATHS = (
					"$(SDKROOT)/Developer/Library/Frameworks",
					"$(inherited)",
					"$(DEVELOPER_FRAMEWORKS_DIR)",
				);
				GCC_PRECOMPILE_PREFIX_HEADER = YES;
				GCC_PREFIX_HEADER = "Secret Squirrel/Secret Squirrel-Prefix.pch";
				INFOPLIST_FILE = "Secret SquirrelTests/Secret SquirrelTests-Info.plist";
				PRODUCT_NAME = "$(TARGET_NAME)";
				TEST_HOST = "$(BUNDLE_LOADER)";
				WRAPPER_EXTENSION = xctest;
			};
			name = Release;
		};
/* End XCBuildConfiguration section */

/* Begin XCConfigurationList section */
		17B7E8FC18E9EB090029F75E /* Build configuration list for PBXProject "Secret Squirrel" */ = {
			isa = XCConfigurationList;
			buildConfigurations = (
				17B7E92B18E9EB0A0029F75E /* Debug */,
				17B7E92C18E9EB0A0029F75E /* Release */,
			);
			defaultConfigurationIsVisible = 0;
			defaultConfigurationName = Release;
		};
		17B7E92D18E9EB0A0029F75E /* Build configuration list for PBXNativeTarget "Secret Squirrel" */ = {
			isa = XCConfigurationList;
			buildConfigurations = (
				17B7E92E18E9EB0A0029F75E /* Debug */,
				17B7E92F18E9EB0A0029F75E /* Release */,
			);
			defaultConfigurationIsVisible = 0;
		};
		17B7E93018E9EB0A0029F75E /* Build configuration list for PBXNativeTarget "Secret SquirrelTests" */ = {
			isa = XCConfigurationList;
			buildConfigurations = (
				17B7E93118E9EB0A0029F75E /* Debug */,
				17B7E93218E9EB0A0029F75E /* Release */,
			);
			defaultConfigurationIsVisible = 0;
		};
/* End XCConfigurationList section */
	};
	rootObject = 17B7E8F918E9EB090029F75E /* Project object */;
}
